
Microsoft Visual Studio Solution File, Format Version 12.00
# Visual Studio Version 17
VisualStudioVersion = 17.4.33110.190
MinimumVisualStudioVersion = 10.0.40219.1
Project("{FAE04EC0-301F-11D3-BF4B-00C04F79EFBC}") = "SB_App", "SB_App.csproj", "{B9E72EED-B4EA-445E-B168-0905B007E1E1}"
EndProject
Global
	GlobalSection(SolutionConfigurationPlatforms) = preSolution
		Debug|Any CPU = Debug|Any CPU
		Release|Any CPU = Release|Any CPU
	EndGlobalSection
	GlobalSection(ProjectConfigurationPlatforms) = postSolution
		{B9E72EED-B4EA-445E-B168-0905B007E1E1}.Debug|Any CPU.ActiveCfg = Debug|Any CPU
		{B9E72EED-B4EA-445E-B168-0905B007E1E1}.Debug|Any CPU.Build.0 = Debug|Any CPU
		{B9E72EED-B4EA-445E-B168-0905B007E1E1}.Release|Any CPU.ActiveCfg = Release|Any CPU
		{B9E72EED-B4EA-445E-B168-0905B007E1E1}.Release|Any CPU.Build.0 = Release|Any CPU
	EndGlobalSection
	GlobalSection(SolutionProperties) = preSolution
		HideSolutionNode = FALSE
	EndGlobalSection
	GlobalSection(ExtensibilityGlobals) = postSolution
		SolutionGuid = {F11BC397-7ED6-414C-8924-3F5FD15C5A8A}
	EndGlobalSection
EndGlobal
